
Microsoft Visual Studio Solution File, Format Version 12.00
# Visual Studio 15
VisualStudioVersion = 15.0.28307.1259
MinimumVisualStudioVersion = 10.0.40219.1
Project("{9A19103F-16F7-4668-BE54-9A1E7A4F7556}") = "Sorts", "FastSort\Sorts.csproj", "{EE473648-F6E8-4E0B-837C-7A35A3B35CD2}"
EndProject
Project("{9A19103F-16F7-4668-BE54-9A1E7A4F7556}") = "Graphs", "Graphs\Graphs.csproj", "{F043CB16-B0FE-4E05-BBCF-0FC483241AB4}"
EndProject
Project("{9A19103F-16F7-4668-BE54-9A1E7A4F7556}") = "Files", "Files\Files.csproj", "{FBCD8695-C8D1-4244-A3B3-8345A0A3D0D3}"
EndProject
Project("{8BC9CEB8-8B4A-11D0-8D11-00A0C91BC942}") = "CPlusPlus", "CPlusPlus\CPlusPlus.vcxproj", "{4069606B-C481-4742-96AB-64483A69238A}"
EndProject
Global
	GlobalSection(SolutionConfigurationPlatforms) = preSolution
		Debug|Any CPU = Debug|Any CPU
		Debug|x64 = Debug|x64
		Debug|x86 = Debug|x86
		Release|Any CPU = Release|Any CPU
		Release|x64 = Release|x64
		Release|x86 = Release|x86
	EndGlobalSection
	GlobalSection(ProjectConfigurationPlatforms) = postSolution
		{EE473648-F6E8-4E0B-837C-7A35A3B35CD2}.Debug|Any CPU.ActiveCfg = Debug|Any CPU
		{EE473648-F6E8-4E0B-837C-7A35A3B35CD2}.Debug|Any CPU.Build.0 = Debug|Any CPU
		{EE473648-F6E8-4E0B-837C-7A35A3B35CD2}.Debug|x64.ActiveCfg = Debug|Any CPU
		{EE473648-F6E8-4E0B-837C-7A35A3B35CD2}.Debug|x64.Build.0 = Debug|Any CPU
		{EE473648-F6E8-4E0B-837C-7A35A3B35CD2}.Debug|x86.ActiveCfg = Debug|Any CPU
		{EE473648-F6E8-4E0B-837C-7A35A3B35CD2}.Debug|x86.Build.0 = Debug|Any CPU
		{EE473648-F6E8-4E0B-837C-7A35A3B35CD2}.Release|Any CPU.ActiveCfg = Release|Any CPU
		{EE473648-F6E8-4E0B-837C-7A35A3B35CD2}.Release|Any CPU.Build.0 = Release|Any CPU
		{EE473648-F6E8-4E0B-837C-7A35A3B35CD2}.Release|x64.ActiveCfg = Release|Any CPU
		{EE473648-F6E8-4E0B-837C-7A35A3B35CD2}.Release|x64.Build.0 = Release|Any CPU
		{EE473648-F6E8-4E0B-837C-7A35A3B35CD2}.Release|x86.ActiveCfg = Release|Any CPU
		{EE473648-F6E8-4E0B-837C-7A35A3B35CD2}.Release|x86.Build.0 = Release|Any CPU
		{F043CB16-B0FE-4E05-BBCF-0FC483241AB4}.Debug|Any CPU.ActiveCfg = Debug|Any CPU
		{F043CB16-B0FE-4E05-BBCF-0FC483241AB4}.Debug|Any CPU.Build.0 = Debug|Any CPU
		{F043CB16-B0FE-4E05-BBCF-0FC483241AB4}.Debug|x64.ActiveCfg = Debug|Any CPU
		{F043CB16-B0FE-4E05-BBCF-0FC483241AB4}.Debug|x64.Build.0 = Debug|Any CPU
		{F043CB16-B0FE-4E05-BBCF-0FC483241AB4}.Debug|x86.ActiveCfg = Debug|Any CPU
		{F043CB16-B0FE-4E05-BBCF-0FC483241AB4}.Debug|x86.Build.0 = Debug|Any CPU
		{F043CB16-B0FE-4E05-BBCF-0FC483241AB4}.Release|Any CPU.ActiveCfg = Release|Any CPU
		{F043CB16-B0FE-4E05-BBCF-0FC483241AB4}.Release|Any CPU.Build.0 = Release|Any CPU
		{F043CB16-B0FE-4E05-BBCF-0FC483241AB4}.Release|x64.ActiveCfg = Release|Any CPU
		{F043CB16-B0FE-4E05-BBCF-0FC483241AB4}.Release|x64.Build.0 = Release|Any CPU
		{F043CB16-B0FE-4E05-BBCF-0FC483241AB4}.Release|x86.ActiveCfg = Release|Any CPU
		{F043CB16-B0FE-4E05-BBCF-0FC483241AB4}.Release|x86.Build.0 = Release|Any CPU
		{FBCD8695-C8D1-4244-A3B3-8345A0A3D0D3}.Debug|Any CPU.ActiveCfg = Debug|Any CPU
		{FBCD8695-C8D1-4244-A3B3-8345A0A3D0D3}.Debug|Any CPU.Build.0 = Debug|Any CPU
		{FBCD8695-C8D1-4244-A3B3-8345A0A3D0D3}.Debug|x64.ActiveCfg = Debug|Any CPU
		{FBCD8695-C8D1-4244-A3B3-8345A0A3D0D3}.Debug|x64.Build.0 = Debug|Any CPU
		{FBCD8695-C8D1-4244-A3B3-8345A0A3D0D3}.Debug|x86.ActiveCfg = Debug|Any CPU
		{FBCD8695-C8D1-4244-A3B3-8345A0A3D0D3}.Debug|x86.Build.0 = Debug|Any CPU
		{FBCD8695-C8D1-4244-A3B3-8345A0A3D0D3}.Release|Any CPU.ActiveCfg = Release|Any CPU
		{FBCD8695-C8D1-4244-A3B3-8345A0A3D0D3}.Release|Any CPU.Build.0 = Release|Any CPU
		{FBCD8695-C8D1-4244-A3B3-8345A0A3D0D3}.Release|x64.ActiveCfg = Release|Any CPU
		{FBCD8695-C8D1-4244-A3B3-8345A0A3D0D3}.Release|x64.Build.0 = Release|Any CPU
		{FBCD8695-C8D1-4244-A3B3-8345A0A3D0D3}.Release|x86.ActiveCfg = Release|Any CPU
		{FBCD8695-C8D1-4244-A3B3-8345A0A3D0D3}.Release|x86.Build.0 = Release|Any CPU
		{4069606B-C481-4742-96AB-64483A69238A}.Debug|Any CPU.ActiveCfg = Debug|Win32
		{4069606B-C481-4742-96AB-64483A69238A}.Debug|Any CPU.Build.0 = Debug|Win32
		{4069606B-C481-4742-96AB-64483A69238A}.Debug|x64.ActiveCfg = Debug|x64
		{4069606B-C481-4742-96AB-64483A69238A}.Debug|x64.Build.0 = Debug|x64
		{4069606B-C481-4742-96AB-64483A69238A}.Debug|x86.ActiveCfg = Debug|Win32
		{4069606B-C481-4742-96AB-64483A69238A}.Debug|x86.Build.0 = Debug|Win32
		{4069606B-C481-4742-96AB-64483A69238A}.Release|Any CPU.ActiveCfg = Release|Win32
		{4069606B-C481-4742-96AB-64483A69238A}.Release|x64.ActiveCfg = Release|x64
		{4069606B-C481-4742-96AB-64483A69238A}.Release|x64.Build.0 = Release|x64
		{4069606B-C481-4742-96AB-64483A69238A}.Release|x86.ActiveCfg = Release|Win32
		{4069606B-C481-4742-96AB-64483A69238A}.Release|x86.Build.0 = Release|Win32
	EndGlobalSection
	GlobalSection(SolutionProperties) = preSolution
		HideSolutionNode = FALSE
	EndGlobalSection
	GlobalSection(ExtensibilityGlobals) = postSolution
		SolutionGuid = {8BAFBA9C-E6CE-421B-BCE5-775F67E5FD83}
	EndGlobalSection
EndGlobal
