
Microsoft Visual Studio Solution File, Format Version 12.00
# Visual Studio 15
VisualStudioVersion = 15.0.28307.1259
MinimumVisualStudioVersion = 10.0.40219.1
Project("{FAE04EC0-301F-11D3-BF4B-00C04F79EFBC}") = "Sorts", "FastSort\Sorts.csproj", "{EE473648-F6E8-4E0B-837C-7A35A3B35CD2}"
EndProject
Global
	GlobalSection(SolutionConfigurationPlatforms) = preSolution
		Debug|Any CPU = Debug|Any CPU
		Release|Any CPU = Release|Any CPU
	EndGlobalSection
	GlobalSection(ProjectConfigurationPlatforms) = postSolution
		{EE473648-F6E8-4E0B-837C-7A35A3B35CD2}.Debug|Any CPU.ActiveCfg = Debug|Any CPU
		{EE473648-F6E8-4E0B-837C-7A35A3B35CD2}.Debug|Any CPU.Build.0 = Debug|Any CPU
		{EE473648-F6E8-4E0B-837C-7A35A3B35CD2}.Release|Any CPU.ActiveCfg = Release|Any CPU
		{EE473648-F6E8-4E0B-837C-7A35A3B35CD2}.Release|Any CPU.Build.0 = Release|Any CPU
	EndGlobalSection
	GlobalSection(SolutionProperties) = preSolution
		HideSolutionNode = FALSE
	EndGlobalSection
	GlobalSection(ExtensibilityGlobals) = postSolution
		SolutionGuid = {8BAFBA9C-E6CE-421B-BCE5-775F67E5FD83}
	EndGlobalSection
EndGlobal
